{
  "nodes": {
    "nixpkgs": {
      "locked": {
        "lastModified": 1787505255,
        "narHash": "sha256-leZz5tU9vNQhQWSPHeM6WDGTWGZNVNbQJ6Vco4Ivx78=",
        "owner": "NixOS",
        "repo": "nixpkgs",
        "rev": "e9106118ba5c2ce99a3209619cdb0933a28a78e1",
        "type": "github"
      },
      "original": {
        "owner": "nixos",
        "ref": "nixos-unstable",
        "repo": "nixpkgs",
        "type": "github"
      }
    },
    "root": {
      "inputs": {
        "nixpkgs": "nixpkgs"
      }
    }
  },
  "root": "root",
  "version": 7
}
